{
  "originHash" : "995a31676f79291e9db5a9fc9e0d3d3955683011345ab058ee45262d15f5f1d4",
  "pins" : [
    {
      "identity" : "miragekit",
      "kind" : "remoteSourceControl",
      "location" : "https://github.com/undivisible/miragekit.git",
      "state" : {
        "branch" : "main",
        "revision" : "0758ce984f585ee3c5e688b0447585da78316d45"
      }
    }
  ],
  "version" : 3
}
