{
  "originHash" : "9d2cd9141ccbeba2967348f04a7fb16f9a384837b87dae0fe59eaf29051040b5",
  "pins" : [
    {
      "identity" : "miragekit",
      "kind" : "remoteSourceControl",
      "location" : "https://github.com/undivisible/miragekit.git",
      "state" : {
        "branch" : "main",
        "revision" : "0758ce984f585ee3c5e688b0447585da78316d45"
      }
    }
  ],
  "version" : 3
}
